
Microsoft Visual Studio Solution File, Format Version 12.00
# Visual Studio Version 17
VisualStudioVersion = 17.3.32811.315
MinimumVisualStudioVersion = 10.0.40219.1
Project("{9A19103F-16F7-4668-BE54-9A1E7A4F7556}") = "Bolao.Security", "src\Bolao.Security\Bolao.Security.csproj", "{E02E17CD-AF81-4EB3-B3AB-2C714F8F2C04}"
EndProject
Project("{9A19103F-16F7-4668-BE54-9A1E7A4F7556}") = "Bolao.Infra", "src\Bolao.Infra\Bolao.Infra.csproj", "{D87D4969-9581-4E4B-BC92-B1A352F36CD9}"
EndProject
Project("{9A19103F-16F7-4668-BE54-9A1E7A4F7556}") = "Bolao.Application", "src\Bolao.Application\Bolao.Application.csproj", "{B6C83713-572F-4803-8367-6BFCBA74C4A9}"
EndProject
Project("{9A19103F-16F7-4668-BE54-9A1E7A4F7556}") = "Bolao.Api", "src\Bolao.Api\Bolao.Api.csproj", "{457B6A55-4BDC-4641-B680-B4A3013E2332}"
EndProject
Global
	GlobalSection(SolutionConfigurationPlatforms) = preSolution
		Debug|Any CPU = Debug|Any CPU
		Release|Any CPU = Release|Any CPU
	EndGlobalSection
	GlobalSection(ProjectConfigurationPlatforms) = postSolution
		{E02E17CD-AF81-4EB3-B3AB-2C714F8F2C04}.Debug|Any CPU.ActiveCfg = Debug|Any CPU
		{E02E17CD-AF81-4EB3-B3AB-2C714F8F2C04}.Debug|Any CPU.Build.0 = Debug|Any CPU
		{E02E17CD-AF81-4EB3-B3AB-2C714F8F2C04}.Release|Any CPU.ActiveCfg = Release|Any CPU
		{E02E17CD-AF81-4EB3-B3AB-2C714F8F2C04}.Release|Any CPU.Build.0 = Release|Any CPU
		{D87D4969-9581-4E4B-BC92-B1A352F36CD9}.Debug|Any CPU.ActiveCfg = Debug|Any CPU
		{D87D4969-9581-4E4B-BC92-B1A352F36CD9}.Debug|Any CPU.Build.0 = Debug|Any CPU
		{D87D4969-9581-4E4B-BC92-B1A352F36CD9}.Release|Any CPU.ActiveCfg = Release|Any CPU
		{D87D4969-9581-4E4B-BC92-B1A352F36CD9}.Release|Any CPU.Build.0 = Release|Any CPU
		{B6C83713-572F-4803-8367-6BFCBA74C4A9}.Debug|Any CPU.ActiveCfg = Debug|Any CPU
		{B6C83713-572F-4803-8367-6BFCBA74C4A9}.Debug|Any CPU.Build.0 = Debug|Any CPU
		{B6C83713-572F-4803-8367-6BFCBA74C4A9}.Release|Any CPU.ActiveCfg = Release|Any CPU
		{B6C83713-572F-4803-8367-6BFCBA74C4A9}.Release|Any CPU.Build.0 = Release|Any CPU
		{457B6A55-4BDC-4641-B680-B4A3013E2332}.Debug|Any CPU.ActiveCfg = Debug|Any CPU
		{457B6A55-4BDC-4641-B680-B4A3013E2332}.Debug|Any CPU.Build.0 = Debug|Any CPU
		{457B6A55-4BDC-4641-B680-B4A3013E2332}.Release|Any CPU.ActiveCfg = Release|Any CPU
		{457B6A55-4BDC-4641-B680-B4A3013E2332}.Release|Any CPU.Build.0 = Release|Any CPU
	EndGlobalSection
	GlobalSection(SolutionProperties) = preSolution
		HideSolutionNode = FALSE
	EndGlobalSection
	GlobalSection(ExtensibilityGlobals) = postSolution
		SolutionGuid = {F9ACE58A-4D2C-4D5C-8861-E8406E73DD96}
	EndGlobalSection
EndGlobal
